
Microsoft Visual Studio Solution File, Format Version 12.00
# Visual Studio 15
VisualStudioVersion = 15.0.27004.2009
MinimumVisualStudioVersion = 10.0.40219.1
Project("{FAE04EC0-301F-11D3-BF4B-00C04F79EFBC}") = "t1", "t1\t1.csproj", "{7A30B0CD-A954-4A1B-919E-5F01E0BDD061}"
EndProject
Global
	GlobalSection(SolutionConfigurationPlatforms) = preSolution
		Debug|Any CPU = Debug|Any CPU
		Release|Any CPU = Release|Any CPU
	EndGlobalSection
	GlobalSection(ProjectConfigurationPlatforms) = postSolution
		{7A30B0CD-A954-4A1B-919E-5F01E0BDD061}.Debug|Any CPU.ActiveCfg = Debug|Any CPU
		{7A30B0CD-A954-4A1B-919E-5F01E0BDD061}.Debug|Any CPU.Build.0 = Debug|Any CPU
		{7A30B0CD-A954-4A1B-919E-5F01E0BDD061}.Release|Any CPU.ActiveCfg = Release|Any CPU
		{7A30B0CD-A954-4A1B-919E-5F01E0BDD061}.Release|Any CPU.Build.0 = Release|Any CPU
	EndGlobalSection
	GlobalSection(SolutionProperties) = preSolution
		HideSolutionNode = FALSE
	EndGlobalSection
	GlobalSection(ExtensibilityGlobals) = postSolution
		SolutionGuid = {1E9832A2-25D0-4FA6-B048-BD03D56C28C9}
	EndGlobalSection
EndGlobal
